
Microsoft Visual Studio Solution File, Format Version 12.00
# Visual Studio 2013
VisualStudioVersion = 12.0.31101.0
MinimumVisualStudioVersion = 10.0.40219.1
Project("{FAE04EC0-301F-11D3-BF4B-00C04F79EFBC}") = "ClassLibraryWithDependency", "ClassLibraryWithDependency\ClassLibraryWithDependency.csproj", "{23FEB2A0-EB44-403B-996C-D06F74767EEC}"
EndProject
Project("{2150E333-8FDC-42A3-9474-1A3956D46DE8}") = ".nuget", ".nuget", "{B6617D84-7072-4F54-A40E-AA10059BDA9C}"
	ProjectSection(SolutionItems) = preProject
		.nuget\packages.config = .nuget\packages.config
	EndProjectSection
EndProject
Global
	GlobalSection(SolutionConfigurationPlatforms) = preSolution
		Debug|Any CPU = Debug|Any CPU
		Release|Any CPU = Release|Any CPU
	EndGlobalSection
	GlobalSection(ProjectConfigurationPlatforms) = postSolution
		{23FEB2A0-EB44-403B-996C-D06F74767EEC}.Debug|Any CPU.ActiveCfg = Debug|Any CPU
		{23FEB2A0-EB44-403B-996C-D06F74767EEC}.Debug|Any CPU.Build.0 = Debug|Any CPU
		{23FEB2A0-EB44-403B-996C-D06F74767EEC}.Release|Any CPU.ActiveCfg = Release|Any CPU
		{23FEB2A0-EB44-403B-996C-D06F74767EEC}.Release|Any CPU.Build.0 = Release|Any CPU
	EndGlobalSection
	GlobalSection(SolutionProperties) = preSolution
		HideSolutionNode = FALSE
	EndGlobalSection
EndGlobal
